
Microsoft Visual Studio Solution File, Format Version 12.00
# Visual Studio Version 17
VisualStudioVersion = 17.10.35013.160
MinimumVisualStudioVersion = 10.0.40219.1
Project("{9A19103F-16F7-4668-BE54-9A1E7A4F7556}") = "EstoqueApi", "EstoqueApi\EstoqueApi.csproj", "{42AD53CB-C44C-4B56-80F6-EB992524514C}"
EndProject
Project("{FAE04EC0-301F-11D3-BF4B-00C04F79EFBC}") = "UnitTest", "UnitTest\UnitTest.csproj", "{E9A1164B-7ADA-491C-B6F0-11F5898D8767}"
EndProject
Global
	GlobalSection(SolutionConfigurationPlatforms) = preSolution
		Debug|Any CPU = Debug|Any CPU
		Release|Any CPU = Release|Any CPU
	EndGlobalSection
	GlobalSection(ProjectConfigurationPlatforms) = postSolution
		{42AD53CB-C44C-4B56-80F6-EB992524514C}.Debug|Any CPU.ActiveCfg = Debug|Any CPU
		{42AD53CB-C44C-4B56-80F6-EB992524514C}.Debug|Any CPU.Build.0 = Debug|Any CPU
		{42AD53CB-C44C-4B56-80F6-EB992524514C}.Release|Any CPU.ActiveCfg = Release|Any CPU
		{42AD53CB-C44C-4B56-80F6-EB992524514C}.Release|Any CPU.Build.0 = Release|Any CPU
		{E9A1164B-7ADA-491C-B6F0-11F5898D8767}.Debug|Any CPU.ActiveCfg = Debug|Any CPU
		{E9A1164B-7ADA-491C-B6F0-11F5898D8767}.Debug|Any CPU.Build.0 = Debug|Any CPU
		{E9A1164B-7ADA-491C-B6F0-11F5898D8767}.Release|Any CPU.ActiveCfg = Release|Any CPU
		{E9A1164B-7ADA-491C-B6F0-11F5898D8767}.Release|Any CPU.Build.0 = Release|Any CPU
	EndGlobalSection
	GlobalSection(SolutionProperties) = preSolution
		HideSolutionNode = FALSE
	EndGlobalSection
	GlobalSection(ExtensibilityGlobals) = postSolution
		SolutionGuid = {13BC0452-2EAD-41CA-AB23-06FB1715A392}
	EndGlobalSection
EndGlobal
